
Microsoft Visual Studio Solution File, Format Version 12.00
# Visual Studio 2012
Project("{8BC9CEB8-8B4A-11D0-8D11-00A0C91BC942}") = "CV_Simulation", "CV_Simulation.vcxproj", "{25D049DF-CFB6-47C6-BC70-0771578A5A37}"
EndProject
Global
	GlobalSection(SolutionConfigurationPlatforms) = preSolution
		Debug|Win32 = Debug|Win32
		Release|Win32 = Release|Win32
	EndGlobalSection
	GlobalSection(ProjectConfigurationPlatforms) = postSolution
		{25D049DF-CFB6-47C6-BC70-0771578A5A37}.Debug|Win32.ActiveCfg = Debug|Win32
		{25D049DF-CFB6-47C6-BC70-0771578A5A37}.Debug|Win32.Build.0 = Debug|Win32
		{25D049DF-CFB6-47C6-BC70-0771578A5A37}.Release|Win32.ActiveCfg = Release|Win32
		{25D049DF-CFB6-47C6-BC70-0771578A5A37}.Release|Win32.Build.0 = Release|Win32
	EndGlobalSection
	GlobalSection(SolutionProperties) = preSolution
		HideSolutionNode = FALSE
	EndGlobalSection
EndGlobal
